
Microsoft Visual Studio Solution File, Format Version 12.00
# Visual Studio Version 17
VisualStudioVersion = 17.9.34622.214
MinimumVisualStudioVersion = 10.0.40219.1
Project("{9A19103F-16F7-4668-BE54-9A1E7A4F7556}") = "PROG6221 - Part 2 - Lwandle Chauke", "PROG6221 - Part 2 - Lwandle Chauke\PROG6221 - Part 2 - Lwandle Chauke.csproj", "{159DD0C7-65E0-4F9A-A17E-725119FB9F48}"
EndProject
Project("{FAE04EC0-301F-11D3-BF4B-00C04F79EFBC}") = "Part2 Unit Tests", "Part2 Unit Tests\Part2 Unit Tests.csproj", "{2976D027-4B8C-4759-9099-A8FAA5BE7D92}"
EndProject
Project("{FAE04EC0-301F-11D3-BF4B-00C04F79EFBC}") = "MyRecipeApp.Tests", "MyRecipeApp.Tests\MyRecipeApp.Tests.csproj", "{22E69EC8-251D-4D2C-B84E-E18343A98D5B}"
EndProject
Project("{FAE04EC0-301F-11D3-BF4B-00C04F79EFBC}") = "UnitTestProject1", "UnitTestProject1\UnitTestProject1.csproj", "{05B6BC51-E79A-49F2-8A26-FC8C349EB888}"
EndProject
Global
	GlobalSection(SolutionConfigurationPlatforms) = preSolution
		Debug|Any CPU = Debug|Any CPU
		Release|Any CPU = Release|Any CPU
	EndGlobalSection
	GlobalSection(ProjectConfigurationPlatforms) = postSolution
		{159DD0C7-65E0-4F9A-A17E-725119FB9F48}.Debug|Any CPU.ActiveCfg = Debug|Any CPU
		{159DD0C7-65E0-4F9A-A17E-725119FB9F48}.Debug|Any CPU.Build.0 = Debug|Any CPU
		{159DD0C7-65E0-4F9A-A17E-725119FB9F48}.Release|Any CPU.ActiveCfg = Release|Any CPU
		{159DD0C7-65E0-4F9A-A17E-725119FB9F48}.Release|Any CPU.Build.0 = Release|Any CPU
		{2976D027-4B8C-4759-9099-A8FAA5BE7D92}.Debug|Any CPU.ActiveCfg = Debug|Any CPU
		{2976D027-4B8C-4759-9099-A8FAA5BE7D92}.Debug|Any CPU.Build.0 = Debug|Any CPU
		{2976D027-4B8C-4759-9099-A8FAA5BE7D92}.Release|Any CPU.ActiveCfg = Release|Any CPU
		{2976D027-4B8C-4759-9099-A8FAA5BE7D92}.Release|Any CPU.Build.0 = Release|Any CPU
		{22E69EC8-251D-4D2C-B84E-E18343A98D5B}.Debug|Any CPU.ActiveCfg = Debug|Any CPU
		{22E69EC8-251D-4D2C-B84E-E18343A98D5B}.Debug|Any CPU.Build.0 = Debug|Any CPU
		{22E69EC8-251D-4D2C-B84E-E18343A98D5B}.Release|Any CPU.ActiveCfg = Release|Any CPU
		{22E69EC8-251D-4D2C-B84E-E18343A98D5B}.Release|Any CPU.Build.0 = Release|Any CPU
		{05B6BC51-E79A-49F2-8A26-FC8C349EB888}.Debug|Any CPU.ActiveCfg = Debug|Any CPU
		{05B6BC51-E79A-49F2-8A26-FC8C349EB888}.Debug|Any CPU.Build.0 = Debug|Any CPU
		{05B6BC51-E79A-49F2-8A26-FC8C349EB888}.Release|Any CPU.ActiveCfg = Release|Any CPU
		{05B6BC51-E79A-49F2-8A26-FC8C349EB888}.Release|Any CPU.Build.0 = Release|Any CPU
	EndGlobalSection
	GlobalSection(SolutionProperties) = preSolution
		HideSolutionNode = FALSE
	EndGlobalSection
	GlobalSection(ExtensibilityGlobals) = postSolution
		SolutionGuid = {1C694B1F-DF5A-42A2-ACD2-5F5C5A85AE20}
	EndGlobalSection
EndGlobal
